// !$*UTF8*$!
{
	archiveVersion = 1;
	classes = {
	};
	objectVersion = 46;
	objects = {

/* Begin PBXBuildFile section */
		212E00AA1A2FE1AC00073951 /* AppDelegate.swift in Sources */ = {isa = PBXBuildFile; fileRef = 212E00A91A2FE1AC00073951 /* AppDelegate.swift */; };
		212E00AC1A2FE1AC00073951 /* ViewController.swift in Sources */ = {isa = PBXBuildFile; fileRef = 212E00AB1A2FE1AC00073951 /* ViewController.swift */; };
		212E00AF1A2FE1AC00073951 /* Main.storyboard in Resources */ = {isa = PBXBuildFile; fileRef = 212E00AD1A2FE1AC00073951 /* Main.storyboard */; };
		212E00B11A2FE1AC00073951 /* Images.xcassets in Resources */ = {isa = PBXBuildFile; fileRef = 212E00B01A2FE1AC00073951 /* Images.xcassets */; };
		212E00B41A2FE1AC00073951 /* LaunchScreen.xib in Resources */ = {isa = PBXBuildFile; fileRef = 212E00B21A2FE1AC00073951 /* LaunchScreen.xib */; };
		212E00C01A2FE1AC00073951 /* UILongPressGestureRecognizerTests.swift in Sources */ = {isa = PBXBuildFile; fileRef = 212E00BF1A2FE1AC00073951 /* UILongPressGestureRecognizerTests.swift */; };
		217600E01A32A331009187FF /* Sun.png in Resources */ = {isa = PBXBuildFile; fileRef = 217600DF1A32A331009187FF /* Sun.png */; };
		21BC49D41A31DC960018852D /* Unknown.jpeg in Resources */ = {isa = PBXBuildFile; fileRef = 21BC49D31A31DC960018852D /* Unknown.jpeg */; };
		21DD68F31A314FD7009AE25F /* SpringAnimation.swift in Sources */ = {isa = PBXBuildFile; fileRef = 21DD68F21A314FD7009AE25F /* SpringAnimation.swift */; };
		21DD68FA1A3152DF009AE25F /* Unknown-2.png in Resources */ = {isa = PBXBuildFile; fileRef = 21DD68F41A3152DF009AE25F /* Unknown-2.png */; };
		21DD68FB1A3152DF009AE25F /* Unknown-5.png in Resources */ = {isa = PBXBuildFile; fileRef = 21DD68F51A3152DF009AE25F /* Unknown-5.png */; };
		21DD68FC1A3152DF009AE25F /* Unknown-1.png in Resources */ = {isa = PBXBuildFile; fileRef = 21DD68F61A3152DF009AE25F /* Unknown-1.png */; };
		21DD68FD1A3152DF009AE25F /* Unknown-3.png in Resources */ = {isa = PBXBuildFile; fileRef = 21DD68F71A3152DF009AE25F /* Unknown-3.png */; };
		21DD68FE1A3152DF009AE25F /* Unknown-4.png in Resources */ = {isa = PBXBuildFile; fileRef = 21DD68F81A3152DF009AE25F /* Unknown-4.png */; };
		21DD68FF1A3152DF009AE25F /* Unknown.png in Resources */ = {isa = PBXBuildFile; fileRef = 21DD68F91A3152DF009AE25F /* Unknown.png */; };
/* End PBXBuildFile section */

/* Begin PBXContainerItemProxy section */
		212E00BA1A2FE1AC00073951 /* PBXContainerItemProxy */ = {
			isa = PBXContainerItemProxy;
			containerPortal = 212E009C1A2FE1AC00073951 /* Project object */;
			proxyType = 1;
			remoteGlobalIDString = 212E00A31A2FE1AC00073951;
			remoteInfo = UILongPressGestureRecognizer;
		};
/* End PBXContainerItemProxy section */

/* Begin PBXFileReference section */
		212E00A41A2FE1AC00073951 /* UILongPressGestureRecognizer.app */ = {isa = PBXFileReference; explicitFileType = wrapper.application; includeInIndex = 0; path = UILongPressGestureRecognizer.app; sourceTree = BUILT_PRODUCTS_DIR; };
		212E00A81A2FE1AC00073951 /* Info.plist */ = {isa = PBXFileReference; lastKnownFileType = text.plist.xml; path = Info.plist; sourceTree = "<group>"; };
		212E00A91A2FE1AC00073951 /* AppDelegate.swift */ = {isa = PBXFileReference; lastKnownFileType = sourcecode.swift; path = AppDelegate.swift; sourceTree = "<group>"; };
		212E00AB1A2FE1AC00073951 /* ViewController.swift */ = {isa = PBXFileReference; lastKnownFileType = sourcecode.swift; path = ViewController.swift; sourceTree = "<group>"; };
		212E00AE1A2FE1AC00073951 /* Base */ = {isa = PBXFileReference; lastKnownFileType = file.storyboard; name = Base; path = Base.lproj/Main.storyboard; sourceTree = "<group>"; };
		212E00B01A2FE1AC00073951 /* Images.xcassets */ = {isa = PBXFileReference; lastKnownFileType = folder.assetcatalog; path = Images.xcassets; sourceTree = "<group>"; };
		212E00B31A2FE1AC00073951 /* Base */ = {isa = PBXFileReference; lastKnownFileType = file.xib; name = Base; path = Base.lproj/LaunchScreen.xib; sourceTree = "<group>"; };
		212E00B91A2FE1AC00073951 /* UILongPressGestureRecognizerTests.xctest */ = {isa = PBXFileReference; explicitFileType = wrapper.cfbundle; includeInIndex = 0; path = UILongPressGestureRecognizerTests.xctest; sourceTree = BUILT_PRODUCTS_DIR; };
		212E00BE1A2FE1AC00073951 /* Info.plist */ = {isa = PBXFileReference; lastKnownFileType = text.plist.xml; path = Info.plist; sourceTree = "<group>"; };
		212E00BF1A2FE1AC00073951 /* UILongPressGestureRecognizerTests.swift */ = {isa = PBXFileReference; lastKnownFileType = sourcecode.swift; path = UILongPressGestureRecognizerTests.swift; sourceTree = "<group>"; };
		217600DF1A32A331009187FF /* Sun.png */ = {isa = PBXFileReference; lastKnownFileType = image.png; path = Sun.png; sourceTree = "<group>"; };
		21BC49D31A31DC960018852D /* Unknown.jpeg */ = {isa = PBXFileReference; lastKnownFileType = image.jpeg; path = Unknown.jpeg; sourceTree = "<group>"; };
		21DD68F21A314FD7009AE25F /* SpringAnimation.swift */ = {isa = PBXFileReference; fileEncoding = 4; lastKnownFileType = sourcecode.swift; path = SpringAnimation.swift; sourceTree = "<group>"; };
		21DD68F41A3152DF009AE25F /* Unknown-2.png */ = {isa = PBXFileReference; lastKnownFileType = image.png; path = "Unknown-2.png"; sourceTree = "<group>"; };
		21DD68F51A3152DF009AE25F /* Unknown-5.png */ = {isa = PBXFileReference; lastKnownFileType = image.png; path = "Unknown-5.png"; sourceTree = "<group>"; };
		21DD68F61A3152DF009AE25F /* Unknown-1.png */ = {isa = PBXFileReference; lastKnownFileType = image.png; path = "Unknown-1.png"; sourceTree = "<group>"; };
		21DD68F71A3152DF009AE25F /* Unknown-3.png */ = {isa = PBXFileReference; lastKnownFileType = image.png; path = "Unknown-3.png"; sourceTree = "<group>"; };
		21DD68F81A3152DF009AE25F /* Unknown-4.png */ = {isa = PBXFileReference; lastKnownFileType = image.png; path = "Unknown-4.png"; sourceTree = "<group>"; };
		21DD68F91A3152DF009AE25F /* Unknown.png */ = {isa = PBXFileReference; lastKnownFileType = image.png; path = Unknown.png; sourceTree = "<group>"; };
/* End PBXFileReference section */

/* Begin PBXFrameworksBuildPhase section */
		212E00A11A2FE1AC00073951 /* Frameworks */ = {
			isa = PBXFrameworksBuildPhase;
			buildActionMask = 2147483647;
			files = (
			);
			runOnlyForDeploymentPostprocessing = 0;
		};
		212E00B61A2FE1AC00073951 /* Frameworks */ = {
			isa = PBXFrameworksBuildPhase;
			buildActionMask = 2147483647;
			files = (
			);
			runOnlyForDeploymentPostprocessing = 0;
		};
/* End PBXFrameworksBuildPhase section */

/* Begin PBXGroup section */
		212E009B1A2FE1AC00073951 = {
			isa = PBXGroup;
			children = (
				212E00A61A2FE1AC00073951 /* UILongPressGestureRecognizer */,
				212E00BC1A2FE1AC00073951 /* UILongPressGestureRecognizerTests */,
				212E00A51A2FE1AC00073951 /* Products */,
			);
			sourceTree = "<group>";
		};
		212E00A51A2FE1AC00073951 /* Products */ = {
			isa = PBXGroup;
			children = (
				212E00A41A2FE1AC00073951 /* UILongPressGestureRecognizer.app */,
				212E00B91A2FE1AC00073951 /* UILongPressGestureRecognizerTests.xctest */,
			);
			name = Products;
			sourceTree = "<group>";
		};
		212E00A61A2FE1AC00073951 /* UILongPressGestureRecognizer */ = {
			isa = PBXGroup;
			children = (
				212E00A91A2FE1AC00073951 /* AppDelegate.swift */,
				212E00AB1A2FE1AC00073951 /* ViewController.swift */,
				21DD68F21A314FD7009AE25F /* SpringAnimation.swift */,
				212E00AD1A2FE1AC00073951 /* Main.storyboard */,
				212E00B01A2FE1AC00073951 /* Images.xcassets */,
				217600DF1A32A331009187FF /* Sun.png */,
				21BC49D31A31DC960018852D /* Unknown.jpeg */,
				21DD68F41A3152DF009AE25F /* Unknown-2.png */,
				21DD68F51A3152DF009AE25F /* Unknown-5.png */,
				21DD68F61A3152DF009AE25F /* Unknown-1.png */,
				21DD68F71A3152DF009AE25F /* Unknown-3.png */,
				21DD68F81A3152DF009AE25F /* Unknown-4.png */,
				21DD68F91A3152DF009AE25F /* Unknown.png */,
				212E00B21A2FE1AC00073951 /* LaunchScreen.xib */,
				212E00A71A2FE1AC00073951 /* Supporting Files */,
			);
			path = UILongPressGestureRecognizer;
			sourceTree = "<group>";
		};
		212E00A71A2FE1AC00073951 /* Supporting Files */ = {
			isa = PBXGroup;
			children = (
				212E00A81A2FE1AC00073951 /* Info.plist */,
			);
			name = "Supporting Files";
			sourceTree = "<group>";
		};
		212E00BC1A2FE1AC00073951 /* UILongPressGestureRecognizerTests */ = {
			isa = PBXGroup;
			children = (
				212E00BF1A2FE1AC00073951 /* UILongPressGestureRecognizerTests.swift */,
				212E00BD1A2FE1AC00073951 /* Supporting Files */,
			);
			path = UILongPressGestureRecognizerTests;
			sourceTree = "<group>";
		};
		212E00BD1A2FE1AC00073951 /* Supporting Files */ = {
			isa = PBXGroup;
			children = (
				212E00BE1A2FE1AC00073951 /* Info.plist */,
			);
			name = "Supporting Files";
			sourceTree = "<group>";
		};
/* End PBXGroup section */

/* Begin PBXNativeTarget section */
		212E00A31A2FE1AC00073951 /* UILongPressGestureRecognizer */ = {
			isa = PBXNativeTarget;
			buildConfigurationList = 212E00C31A2FE1AC00073951 /* Build configuration list for PBXNativeTarget "UILongPressGestureRecognizer" */;
			buildPhases = (
				212E00A01A2FE1AC00073951 /* Sources */,
				212E00A11A2FE1AC00073951 /* Frameworks */,
				212E00A21A2FE1AC00073951 /* Resources */,
			);
			buildRules = (
			);
			dependencies = (
			);
			name = UILongPressGestureRecognizer;
			productName = UILongPressGestureRecognizer;
			productReference = 212E00A41A2FE1AC00073951 /* UILongPressGestureRecognizer.app */;
			productType = "com.apple.product-type.application";
		};
		212E00B81A2FE1AC00073951 /* UILongPressGestureRecognizerTests */ = {
			isa = PBXNativeTarget;
			buildConfigurationList = 212E00C61A2FE1AC00073951 /* Build configuration list for PBXNativeTarget "UILongPressGestureRecognizerTests" */;
			buildPhases = (
				212E00B51A2FE1AC00073951 /* Sources */,
				212E00B61A2FE1AC00073951 /* Frameworks */,
				212E00B71A2FE1AC00073951 /* Resources */,
			);
			buildRules = (
			);
			dependencies = (
				212E00BB1A2FE1AC00073951 /* PBXTargetDependency */,
			);
			name = UILongPressGestureRecognizerTests;
			productName = UILongPressGestureRecognizerTests;
			productReference = 212E00B91A2FE1AC00073951 /* UILongPressGestureRecognizerTests.xctest */;
			productType = "com.apple.product-type.bundle.unit-test";
		};
/* End PBXNativeTarget section */

/* Begin PBXProject section */
		212E009C1A2FE1AC00073951 /* Project object */ = {
			isa = PBXProject;
			attributes = {
				LastUpgradeCheck = 0610;
				ORGANIZATIONNAME = Mav3r1ck;
				TargetAttributes = {
					212E00A31A2FE1AC00073951 = {
						CreatedOnToolsVersion = 6.1.1;
					};
					212E00B81A2FE1AC00073951 = {
						CreatedOnToolsVersion = 6.1.1;
						TestTargetID = 212E00A31A2FE1AC00073951;
					};
				};
			};
			buildConfigurationList = 212E009F1A2FE1AC00073951 /* Build configuration list for PBXProject "UILongPressGestureRecognizer" */;
			compatibilityVersion = "Xcode 3.2";
			developmentRegion = English;
			hasScannedForEncodings = 0;
			knownRegions = (
				en,
				Base,
			);
			mainGroup = 212E009B1A2FE1AC00073951;
			productRefGroup = 212E00A51A2FE1AC00073951 /* Products */;
			projectDirPath = "";
			projectRoot = "";
			targets = (
				212E00A31A2FE1AC00073951 /* UILongPressGestureRecognizer */,
				212E00B81A2FE1AC00073951 /* UILongPressGestureRecognizerTests */,
			);
		};
/* End PBXProject section */

/* Begin PBXResourcesBuildPhase section */
		212E00A21A2FE1AC00073951 /* Resources */ = {
			isa = PBXResourcesBuildPhase;
			buildActionMask = 2147483647;
			files = (
				217600E01A32A331009187FF /* Sun.png in Resources */,
				21DD68FD1A3152DF009AE25F /* Unknown-3.png in Resources */,
				21DD68FE1A3152DF009AE25F /* Unknown-4.png in Resources */,
				21DD68FB1A3152DF009AE25F /* Unknown-5.png in Resources */,
				212E00AF1A2FE1AC00073951 /* Main.storyboard in Resources */,
				21BC49D41A31DC960018852D /* Unknown.jpeg in Resources */,
				212E00B41A2FE1AC00073951 /* LaunchScreen.xib in Resources */,
				212E00B11A2FE1AC00073951 /* Images.xcassets in Resources */,
				21DD68FC1A3152DF009AE25F /* Unknown-1.png in Resources */,
				21DD68FA1A3152DF009AE25F /* Unknown-2.png in Resources */,
				21DD68FF1A3152DF009AE25F /* Unknown.png in Resources */,
			);
			runOnlyForDeploymentPostprocessing = 0;
		};
		212E00B71A2FE1AC00073951 /* Resources */ = {
			isa = PBXResourcesBuildPhase;
			buildActionMask = 2147483647;
			files = (
			);
			runOnlyForDeploymentPostprocessing = 0;
		};
/* End PBXResourcesBuildPhase section */

/* Begin PBXSourcesBuildPhase section */
		212E00A01A2FE1AC00073951 /* Sources */ = {
			isa = PBXSourcesBuildPhase;
			buildActionMask = 2147483647;
			files = (
				21DD68F31A314FD7009AE25F /* SpringAnimation.swift in Sources */,
				212E00AC1A2FE1AC00073951 /* ViewController.swift in Sources */,
				212E00AA1A2FE1AC00073951 /* AppDelegate.swift in Sources */,
			);
			runOnlyForDeploymentPostprocessing = 0;
		};
		212E00B51A2FE1AC00073951 /* Sources */ = {
			isa = PBXSourcesBuildPhase;
			buildActionMask = 2147483647;
			files = (
				212E00C01A2FE1AC00073951 /* UILongPressGestureRecognizerTests.swift in Sources */,
			);
			runOnlyForDeploymentPostprocessing = 0;
		};
/* End PBXSourcesBuildPhase section */

/* Begin PBXTargetDependency section */
		212E00BB1A2FE1AC00073951 /* PBXTargetDependency */ = {
			isa = PBXTargetDependency;
			target = 212E00A31A2FE1AC00073951 /* UILongPressGestureRecognizer */;
			targetProxy = 212E00BA1A2FE1AC00073951 /* PBXContainerItemProxy */;
		};
/* End PBXTargetDependency section */

/* Begin PBXVariantGroup section */
		212E00AD1A2FE1AC00073951 /* Main.storyboard */ = {
			isa = PBXVariantGroup;
			children = (
				212E00AE1A2FE1AC00073951 /* Base */,
			);
			name = Main.storyboard;
			sourceTree = "<group>";
		};
		212E00B21A2FE1AC00073951 /* LaunchScreen.xib */ = {
			isa = PBXVariantGroup;
			children = (
				212E00B31A2FE1AC00073951 /* Base */,
			);
			name = LaunchScreen.xib;
			sourceTree = "<group>";
		};
/* End PBXVariantGroup section */

/* Begin XCBuildConfiguration section */
		212E00C11A2FE1AC00073951 /* Debug */ = {
			isa = XCBuildConfiguration;
			buildSettings = {
				ALWAYS_SEARCH_USER_PATHS = NO;
				CLANG_CXX_LANGUAGE_STANDARD = "gnu++0x";
				CLANG_CXX_LIBRARY = "libc++";
				CLANG_ENABLE_MODULES = YES;
				CLANG_ENABLE_OBJC_ARC = YES;
				CLANG_WARN_BOOL_CONVERSION = YES;
				CLANG_WARN_CONSTANT_CONVERSION = YES;
				CLANG_WARN_DIRECT_OBJC_ISA_USAGE = YES_ERROR;
				CLANG_WARN_EMPTY_BODY = YES;
				CLANG_WARN_ENUM_CONVERSION = YES;
				CLANG_WARN_INT_CONVERSION = YES;
				CLANG_WARN_OBJC_ROOT_CLASS = YES_ERROR;
				CLANG_WARN_UNREACHABLE_CODE = YES;
				CLANG_WARN__DUPLICATE_METHOD_MATCH = YES;
				"CODE_SIGN_IDENTITY[sdk=iphoneos*]" = "iPhone Developer";
				COPY_PHASE_STRIP = NO;
				ENABLE_STRICT_OBJC_MSGSEND = YES;
				GCC_C_LANGUAGE_STANDARD = gnu99;
				GCC_DYNAMIC_NO_PIC = NO;
				GCC_OPTIMIZATION_LEVEL = 0;
				GCC_PREPROCESSOR_DEFINITIONS = (
					"DEBUG=1",
					"$(inherited)",
				);
				GCC_SYMBOLS_PRIVATE_EXTERN = NO;
				GCC_WARN_64_TO_32_BIT_CONVERSION = YES;
				GCC_WARN_ABOUT_RETURN_TYPE = YES_ERROR;
				GCC_WARN_UNDECLARED_SELECTOR = YES;
				GCC_WARN_UNINITIALIZED_AUTOS = YES_AGGRESSIVE;
				GCC_WARN_UNUSED_FUNCTION = YES;
				GCC_WARN_UNUSED_VARIABLE = YES;
				IPHONEOS_DEPLOYMENT_TARGET = 8.1;
				MTL_ENABLE_DEBUG_INFO = YES;
				ONLY_ACTIVE_ARCH = YES;
				SDKROOT = iphoneos;
				SWIFT_OPTIMIZATION_LEVEL = "-Onone";
			};
			name = Debug;
		};
		212E00C21A2FE1AC00073951 /* Release */ = {
			isa = XCBuildConfiguration;
			buildSettings = {
				ALWAYS_SEARCH_USER_PATHS = NO;
				CLANG_CXX_LANGUAGE_STANDARD = "gnu++0x";
				CLANG_CXX_LIBRARY = "libc++";
				CLANG_ENABLE_MODULES = YES;
				CLANG_ENABLE_OBJC_ARC = YES;
				CLANG_WARN_BOOL_CONVERSION = YES;
				CLANG_WARN_CONSTANT_CONVERSION = YES;
				CLANG_WARN_DIRECT_OBJC_ISA_USAGE = YES_ERROR;
				CLANG_WARN_EMPTY_BODY = YES;
				CLANG_WARN_ENUM_CONVERSION = YES;
				CLANG_WARN_INT_CONVERSION = YES;
				CLANG_WARN_OBJC_ROOT_CLASS = YES_ERROR;
				CLANG_WARN_UNREACHABLE_CODE = YES;
				CLANG_WARN__DUPLICATE_METHOD_MATCH = YES;
				"CODE_SIGN_IDENTITY[sdk=iphoneos*]" = "iPhone Developer";
				COPY_PHASE_STRIP = YES;
				ENABLE_NS_ASSERTIONS = NO;
				ENABLE_STRICT_OBJC_MSGSEND = YES;
				GCC_C_LANGUAGE_STANDARD = gnu99;
				GCC_WARN_64_TO_32_BIT_CONVERSION = YES;
				GCC_WARN_ABOUT_RETURN_TYPE = YES_ERROR;
				GCC_WARN_UNDECLARED_SELECTOR = YES;
				GCC_WARN_UNINITIALIZED_AUTOS = YES_AGGRESSIVE;
				GCC_WARN_UNUSED_FUNCTION = YES;
				GCC_WARN_UNUSED_VARIABLE = YES;
				IPHONEOS_DEPLOYMENT_TARGET = 8.1;
				MTL_ENABLE_DEBUG_INFO = NO;
				SDKROOT = iphoneos;
				VALIDATE_PRODUCT = YES;
			};
			name = Release;
		};
		212E00C41A2FE1AC00073951 /* Debug */ = {
			isa = XCBuildConfiguration;
			buildSettings = {
				ASSETCATALOG_COMPILER_APPICON_NAME = AppIcon;
				INFOPLIST_FILE = UILongPressGestureRecognizer/Info.plist;
				LD_RUNPATH_SEARCH_PATHS = "$(inherited) @executable_path/Frameworks";
				PRODUCT_NAME = "$(TARGET_NAME)";
			};
			name = Debug;
		};
		212E00C51A2FE1AC00073951 /* Release */ = {
			isa = XCBuildConfiguration;
			buildSettings = {
				ASSETCATALOG_COMPILER_APPICON_NAME = AppIcon;
				INFOPLIST_FILE = UILongPressGestureRecognizer/Info.plist;
				LD_RUNPATH_SEARCH_PATHS = "$(inherited) @executable_path/Frameworks";
				PRODUCT_NAME = "$(TARGET_NAME)";
			};
			name = Release;
		};
		212E00C71A2FE1AC00073951 /* Debug */ = {
			isa = XCBuildConfiguration;
			buildSettings = {
				BUNDLE_LOADER = "$(TEST_HOST)";
				FRAMEWORK_SEARCH_PATHS = (
					"$(SDKROOT)/Developer/Library/Frameworks",
					"$(inherited)",
				);
				GCC_PREPROCESSOR_DEFINITIONS = (
					"DEBUG=1",
					"$(inherited)",
				);
				INFOPLIST_FILE = UILongPressGestureRecognizerTests/Info.plist;
				LD_RUNPATH_SEARCH_PATHS = "$(inherited) @executable_path/Frameworks @loader_path/Frameworks";
				PRODUCT_NAME = "$(TARGET_NAME)";
				TEST_HOST = "$(BUILT_PRODUCTS_DIR)/UILongPressGestureRecognizer.app/UILongPressGestureRecognizer";
			};
			name = Debug;
		};
		212E00C81A2FE1AC00073951 /* Release */ = {
			isa = XCBuildConfiguration;
			buildSettings = {
				BUNDLE_LOADER = "$(TEST_HOST)";
				FRAMEWORK_SEARCH_PATHS = (
					"$(SDKROOT)/Developer/Library/Frameworks",
					"$(inherited)",
				);
				INFOPLIST_FILE = UILongPressGestureRecognizerTests/Info.plist;
				LD_RUNPATH_SEARCH_PATHS = "$(inherited) @executable_path/Frameworks @loader_path/Frameworks";
				PRODUCT_NAME = "$(TARGET_NAME)";
				TEST_HOST = "$(BUILT_PRODUCTS_DIR)/UILongPressGestureRecognizer.app/UILongPressGestureRecognizer";
			};
			name = Release;
		};
/* End XCBuildConfiguration section */

/* Begin XCConfigurationList section */
		212E009F1A2FE1AC00073951 /* Build configuration list for PBXProject "UILongPressGestureRecognizer" */ = {
			isa = XCConfigurationList;
			buildConfigurations = (
				212E00C11A2FE1AC00073951 /* Debug */,
				212E00C21A2FE1AC00073951 /* Release */,
			);
			defaultConfigurationIsVisible = 0;
			defaultConfigurationName = Release;
		};
		212E00C31A2FE1AC00073951 /* Build configuration list for PBXNativeTarget "UILongPressGestureRecognizer" */ = {
			isa = XCConfigurationList;
			buildConfigurations = (
				212E00C41A2FE1AC00073951 /* Debug */,
				212E00C51A2FE1AC00073951 /* Release */,
			);
			defaultConfigurationIsVisible = 0;
			defaultConfigurationName = Release;
		};
		212E00C61A2FE1AC00073951 /* Build configuration list for PBXNativeTarget "UILongPressGestureRecognizerTests" */ = {
			isa = XCConfigurationList;
			buildConfigurations = (
				212E00C71A2FE1AC00073951 /* Debug */,
				212E00C81A2FE1AC00073951 /* Release */,
			);
			defaultConfigurationIsVisible = 0;
			defaultConfigurationName = Release;
		};
/* End XCConfigurationList section */
	};
	rootObject = 212E009C1A2FE1AC00073951 /* Project object */;
}
